<?xml version="1.0" encoding="utf-8"?>
<Project ToolsVersion="4.0" xmlns="http://schemas.microsoft.com/developer/msbuild/2003">
  <ItemGroup>
    <Filter Include="源文件">
      <UniqueIdentifier>{4FC737F1-C7A5-4376-A066-2A32D752A2FF}</UniqueIdentifier>
      <Extensions>cpp;c;cc;cxx;def;odl;idl;hpj;bat;asm;asmx</Extensions>
    </Filter>
    <Filter Include="头文件">
      <UniqueIdentifier>{93995380-89BD-4b04-88EB-625FBE52EBFB}</UniqueIdentifier>
      <Extensions>h;hpp;hxx;hm;inl;inc;xsd</Extensions>
    </Filter>
    <Filter Include="资源文件">
      <UniqueIdentifier>{67DA6AB6-F800-4c08-8B7A-83BB121AAD01}</UniqueIdentifier>
      <Extensions>rc;ico;cur;bmp;dlg;rc2;rct;bin;rgs;gif;jpg;jpeg;jpe;resx;tiff;tif;png;wav;mfcribbon-ms</Extensions>
    </Filter>
  </ItemGroup>
  <ItemGroup>
    <ClInclude Include="GlobalParameters.h">
      <Filter>头文件</Filter>
    </ClInclude>
    <ClInclude Include="Position.h">
      <Filter>头文件</Filter>
    </ClInclude>
    <ClInclude Include="Hotspot.h">
      <Filter>头文件</Filter>
    </ClInclude>
    <ClInclude Include="Node.h">
      <Filter>头文件</Filter>
    </ClInclude>
    <ClInclude Include="Data.h">
      <Filter>头文件</Filter>
    </ClInclude>
    <ClInclude Include="HAR.h">
      <Filter>头文件</Filter>
    </ClInclude>
    <ClInclude Include="MANode.h">
      <Filter>头文件</Filter>
    </ClInclude>
    <ClInclude Include="Route.h">
      <Filter>头文件</Filter>
    </ClInclude>
    <ClInclude Include="Sink.h">
      <Filter>头文件</Filter>
    </ClInclude>
    <ClInclude Include="Protocol.h">
      <Filter>头文件</Filter>
    </ClInclude>
    <ClInclude Include="RoutingProtocol.h">
      <Filter>头文件</Filter>
    </ClInclude>
    <ClInclude Include="Entity.h">
      <Filter>头文件</Filter>
    </ClInclude>
    <ClInclude Include="Algorithm.h">
      <Filter>头文件</Filter>
    </ClInclude>
    <ClInclude Include="GeneralNode.h">
      <Filter>头文件</Filter>
    </ClInclude>
    <ClInclude Include="BasicEntity.h">
      <Filter>头文件</Filter>
    </ClInclude>
    <ClInclude Include="GeoEntity.h">
      <Filter>头文件</Filter>
    </ClInclude>
    <ClInclude Include="NodeRepair.h">
      <Filter>头文件</Filter>
    </ClInclude>
    <ClInclude Include="Epidemic.h">
      <Filter>头文件</Filter>
    </ClInclude>
    <ClInclude Include="MACProtocol.h">
      <Filter>头文件</Filter>
    </ClInclude>
    <ClInclude Include="HDC.h">
      <Filter>头文件</Filter>
    </ClInclude>
    <ClInclude Include="Prophet.h">
      <Filter>头文件</Filter>
    </ClInclude>
    <ClInclude Include="PostSelect.h">
      <Filter>头文件</Filter>
    </ClInclude>
    <ClInclude Include="FileHelper.h">
      <Filter>头文件</Filter>
    </ClInclude>
    <ClInclude Include="SortHelper.h">
      <Filter>头文件</Filter>
    </ClInclude>
    <ClInclude Include="Helper.h">
      <Filter>头文件</Filter>
    </ClInclude>
    <ClInclude Include="Process.h">
      <Filter>头文件</Filter>
    </ClInclude>
    <ClInclude Include="HotspotSelect.h">
      <Filter>头文件</Filter>
    </ClInclude>
  </ItemGroup>
  <ItemGroup>
    <ClCompile Include="Position.cpp">
      <Filter>源文件</Filter>
    </ClCompile>
    <ClCompile Include="Hotspot.cpp">
      <Filter>源文件</Filter>
    </ClCompile>
    <ClCompile Include="main.cpp">
      <Filter>源文件</Filter>
    </ClCompile>
    <ClCompile Include="Node.cpp">
      <Filter>源文件</Filter>
    </ClCompile>
    <ClCompile Include="Data.cpp">
      <Filter>源文件</Filter>
    </ClCompile>
    <ClCompile Include="HAR.cpp">
      <Filter>源文件</Filter>
    </ClCompile>
    <ClCompile Include="MANode.cpp">
      <Filter>源文件</Filter>
    </ClCompile>
    <ClCompile Include="Route.cpp">
      <Filter>源文件</Filter>
    </ClCompile>
    <ClCompile Include="Sink.cpp">
      <Filter>源文件</Filter>
    </ClCompile>
    <ClCompile Include="NodeRepair.cpp">
      <Filter>源文件</Filter>
    </ClCompile>
    <ClCompile Include="Epidemic.cpp">
      <Filter>源文件</Filter>
    </ClCompile>
    <ClCompile Include="HDC.cpp">
      <Filter>源文件</Filter>
    </ClCompile>
    <ClCompile Include="Prophet.cpp">
      <Filter>源文件</Filter>
    </ClCompile>
    <ClCompile Include="RoutingProtocol.cpp">
      <Filter>源文件</Filter>
    </ClCompile>
    <ClCompile Include="GeneralNode.cpp">
      <Filter>源文件</Filter>
    </ClCompile>
    <ClCompile Include="PostSelect.cpp">
      <Filter>源文件</Filter>
    </ClCompile>
    <ClCompile Include="FileHelper.cpp">
      <Filter>源文件</Filter>
    </ClCompile>
    <ClCompile Include="SortHelper.cpp">
      <Filter>源文件</Filter>
    </ClCompile>
    <ClCompile Include="HotspotSelect.cpp">
      <Filter>源文件</Filter>
    </ClCompile>
  </ItemGroup>
  <ItemGroup>
    <None Include="..\.gitattributes">
      <Filter>资源文件</Filter>
    </None>
    <None Include="..\.gitignore">
      <Filter>资源文件</Filter>
    </None>
  </ItemGroup>
  <ItemGroup>
    <Text Include="..\README.md">
      <Filter>资源文件</Filter>
    </Text>
  </ItemGroup>
</Project>